
Microsoft Visual Studio Solution File, Format Version 12.00
# Visual Studio Version 17
VisualStudioVersion = 17.7.34024.191
MinimumVisualStudioVersion = 10.0.40219.1
Project("{FAE04EC0-301F-11D3-BF4B-00C04F79EFBC}") = "AcademicSystem", "AcademicSystem.csproj", "{56362C68-BE91-489A-88D5-146F77708C16}"
EndProject
Global
	GlobalSection(SolutionConfigurationPlatforms) = preSolution
		Debug|Any CPU = Debug|Any CPU
		Release|Any CPU = Release|Any CPU
	EndGlobalSection
	GlobalSection(ProjectConfigurationPlatforms) = postSolution
		{56362C68-BE91-489A-88D5-146F77708C16}.Debug|Any CPU.ActiveCfg = Debug|Any CPU
		{56362C68-BE91-489A-88D5-146F77708C16}.Debug|Any CPU.Build.0 = Debug|Any CPU
		{56362C68-BE91-489A-88D5-146F77708C16}.Release|Any CPU.ActiveCfg = Release|Any CPU
		{56362C68-BE91-489A-88D5-146F77708C16}.Release|Any CPU.Build.0 = Release|Any CPU
	EndGlobalSection
	GlobalSection(SolutionProperties) = preSolution
		HideSolutionNode = FALSE
	EndGlobalSection
	GlobalSection(ExtensibilityGlobals) = postSolution
		SolutionGuid = {F2199728-4E09-4333-8D29-D4C15071CA37}
	EndGlobalSection
EndGlobal
